// !$*UTF8*$!
{
	archiveVersion = 1;
	classes = {
	};
	objectVersion = 50;
	objects = {

/* Begin PBXBuildFile section */
		4E04157020F4064A001080D4 /* CustomCell.swift in Sources */ = {isa = PBXBuildFile; fileRef = 4E04156F20F4064A001080D4 /* CustomCell.swift */; };
		4E04157220F408F0001080D4 /* ImageView.swift in Sources */ = {isa = PBXBuildFile; fileRef = 4E04157120F408F0001080D4 /* ImageView.swift */; };
		4E04157520F5029D001080D4 /* Model.swift in Sources */ = {isa = PBXBuildFile; fileRef = 4E04157420F5029D001080D4 /* Model.swift */; };
		4E04157820F52BDA001080D4 /* CustomCellRed.swift in Sources */ = {isa = PBXBuildFile; fileRef = 4E04157720F52BDA001080D4 /* CustomCellRed.swift */; };
		4E04157B20F53E04001080D4 /* MenuBar.swift in Sources */ = {isa = PBXBuildFile; fileRef = 4E04157A20F53E04001080D4 /* MenuBar.swift */; };
		4E04157F20F6A3EA001080D4 /* RegisterAssistanceView.swift in Sources */ = {isa = PBXBuildFile; fileRef = 4E04157E20F6A3E9001080D4 /* RegisterAssistanceView.swift */; };
		4E04158120F7E939001080D4 /* Project.swift in Sources */ = {isa = PBXBuildFile; fileRef = 4E04158020F7E939001080D4 /* Project.swift */; };
		4E04158320F7EBBB001080D4 /* ProjectViewCell.swift in Sources */ = {isa = PBXBuildFile; fileRef = 4E04158220F7EBBB001080D4 /* ProjectViewCell.swift */; };
		4E56053920FD602800C774B1 /* KindOfReport.swift in Sources */ = {isa = PBXBuildFile; fileRef = 4E56053820FD602800C774B1 /* KindOfReport.swift */; };
		4E56053B20FE537500C774B1 /* AssistanceMain.swift in Sources */ = {isa = PBXBuildFile; fileRef = 4E56053A20FE537500C774B1 /* AssistanceMain.swift */; };
		4E56053D20FE581500C774B1 /* RegisterAssistanceCell.swift in Sources */ = {isa = PBXBuildFile; fileRef = 4E56053C20FE581500C774B1 /* RegisterAssistanceCell.swift */; };
		4E56053F20FE811800C774B1 /* DeviceHelper.swift in Sources */ = {isa = PBXBuildFile; fileRef = 4E56053E20FE811800C774B1 /* DeviceHelper.swift */; };
		4EB5CD332112178400E47882 /* PopUpMinutes.swift in Sources */ = {isa = PBXBuildFile; fileRef = 4EB5CD322112178400E47882 /* PopUpMinutes.swift */; };
		4EB5CD35211262D400E47882 /* DateHelper.swift in Sources */ = {isa = PBXBuildFile; fileRef = 4EB5CD34211262D300E47882 /* DateHelper.swift */; };
		4EB5CD372113728B00E47882 /* ResponseActivity.swift in Sources */ = {isa = PBXBuildFile; fileRef = 4EB5CD362113728B00E47882 /* ResponseActivity.swift */; };
		4EC2F7E620FD0EC3002BC8DF /* AssistanceHistoryCell.swift in Sources */ = {isa = PBXBuildFile; fileRef = 4EC2F7E520FD0EC3002BC8DF /* AssistanceHistoryCell.swift */; };
		4EC2F7E820FD287C002BC8DF /* ViewCell.swift in Sources */ = {isa = PBXBuildFile; fileRef = 4EC2F7E720FD287C002BC8DF /* ViewCell.swift */; };
		4EC2F7EA20FD5EAF002BC8DF /* ReportCell.swift in Sources */ = {isa = PBXBuildFile; fileRef = 4EC2F7E920FD5EAF002BC8DF /* ReportCell.swift */; };
		4EFE73DC210F6E1A00A5C9C7 /* ResponseTask.swift in Sources */ = {isa = PBXBuildFile; fileRef = 4EFE73DB210F6E1A00A5C9C7 /* ResponseTask.swift */; };
		4EFE73DE2110FB4C00A5C9C7 /* ResponseKindOfActivity.swift in Sources */ = {isa = PBXBuildFile; fileRef = 4EFE73DD2110FB4B00A5C9C7 /* ResponseKindOfActivity.swift */; };
		4EFE73E02110FDAA00A5C9C7 /* PopUpKindOfActivity.swift in Sources */ = {isa = PBXBuildFile; fileRef = 4EFE73DF2110FDAA00A5C9C7 /* PopUpKindOfActivity.swift */; };
		870DE0B820F8652C00D162B2 /* InstanceVCWSB.swift in Sources */ = {isa = PBXBuildFile; fileRef = 870DE0B720F8652C00D162B2 /* InstanceVCWSB.swift */; };
		870DE0BA20F8F31200D162B2 /* PopUpTime.swift in Sources */ = {isa = PBXBuildFile; fileRef = 870DE0B920F8F31200D162B2 /* PopUpTime.swift */; };
		8713E2AB20EE79AE004C6167 /* AppDelegate.swift in Sources */ = {isa = PBXBuildFile; fileRef = 8713E2AA20EE79AE004C6167 /* AppDelegate.swift */; };
		8713E2AD20EE79AE004C6167 /* LoginController.swift in Sources */ = {isa = PBXBuildFile; fileRef = 8713E2AC20EE79AE004C6167 /* LoginController.swift */; };
		8713E2B020EE79AE004C6167 /* Main.storyboard in Resources */ = {isa = PBXBuildFile; fileRef = 8713E2AE20EE79AE004C6167 /* Main.storyboard */; };
		8713E2B220EE79AF004C6167 /* Assets.xcassets in Resources */ = {isa = PBXBuildFile; fileRef = 8713E2B120EE79AF004C6167 /* Assets.xcassets */; };
		8713E2B520EE79AF004C6167 /* LaunchScreen.storyboard in Resources */ = {isa = PBXBuildFile; fileRef = 8713E2B320EE79AF004C6167 /* LaunchScreen.storyboard */; };
		8713E2C520EE7A46004C6167 /* LoginView.swift in Sources */ = {isa = PBXBuildFile; fileRef = 8713E2C420EE7A46004C6167 /* LoginView.swift */; };
		8713E2D120EE7B5B004C6167 /* Extensions.swift in Sources */ = {isa = PBXBuildFile; fileRef = 8713E2D020EE7B5B004C6167 /* Extensions.swift */; };
		872985FB20F2B68300079961 /* TextField.swift in Sources */ = {isa = PBXBuildFile; fileRef = 872985FA20F2B68300079961 /* TextField.swift */; };
		872985FE20F2B96200079961 /* Button.swift in Sources */ = {isa = PBXBuildFile; fileRef = 872985FD20F2B96200079961 /* Button.swift */; };
		872C0F0B20F944FF00709522 /* WorkStations.swift in Sources */ = {isa = PBXBuildFile; fileRef = 872C0F0A20F944FF00709522 /* WorkStations.swift */; };
		872C0F0D20F9458700709522 /* UserModel.swift in Sources */ = {isa = PBXBuildFile; fileRef = 872C0F0C20F9458700709522 /* UserModel.swift */; };
		872C0F0F20F9462C00709522 /* VerifyAssistance.swift in Sources */ = {isa = PBXBuildFile; fileRef = 872C0F0E20F9462C00709522 /* VerifyAssistance.swift */; };
		8730DA4220F9827D009691E0 /* ProgressDialog.swift in Sources */ = {isa = PBXBuildFile; fileRef = 8730DA4120F9827D009691E0 /* ProgressDialog.swift */; };
		875E23B520EEE08D0047C845 /* ScreenHelper.swift in Sources */ = {isa = PBXBuildFile; fileRef = 875E23B420EEE08D0047C845 /* ScreenHelper.swift */; };
		875ED9FF20F2DE2A00CC09C3 /* RegisterActivityView.swift in Sources */ = {isa = PBXBuildFile; fileRef = 875ED9FE20F2DE2A00CC09C3 /* RegisterActivityView.swift */; };
		875EDA0A20F2EB4E00CC09C3 /* TabBarController.swift in Sources */ = {isa = PBXBuildFile; fileRef = 875EDA0920F2EB4E00CC09C3 /* TabBarController.swift */; };
		875EDA1220F2EDD600CC09C3 /* UserController.swift in Sources */ = {isa = PBXBuildFile; fileRef = 875EDA1120F2EDD600CC09C3 /* UserController.swift */; };
		875EDA1420F2EDDF00CC09C3 /* ProjectController.swift in Sources */ = {isa = PBXBuildFile; fileRef = 875EDA1320F2EDDF00CC09C3 /* ProjectController.swift */; };
		875EDA1820F2EDF600CC09C3 /* AbsentController.swift in Sources */ = {isa = PBXBuildFile; fileRef = 875EDA1720F2EDF600CC09C3 /* AbsentController.swift */; };
		8770238120EFBB4F00C5B07F /* RegisterActivityController.swift in Sources */ = {isa = PBXBuildFile; fileRef = 8770238020EFBB4F00C5B07F /* RegisterActivityController.swift */; };
		8770238320EFC3C800C5B07F /* ElementsHelper.swift in Sources */ = {isa = PBXBuildFile; fileRef = 8770238220EFC3C800C5B07F /* ElementsHelper.swift */; };
		87BFC47320F281D400B24E19 /* Constants.swift in Sources */ = {isa = PBXBuildFile; fileRef = 87BFC47220F281D400B24E19 /* Constants.swift */; };
		87C0D91F20F8FD1400E04E66 /* PopUpProject.swift in Sources */ = {isa = PBXBuildFile; fileRef = 87C0D91E20F8FD1400E04E66 /* PopUpProject.swift */; };
		87C0D92220F9137D00E04E66 /* ActivityController.swift in Sources */ = {isa = PBXBuildFile; fileRef = 87C0D92120F9137D00E04E66 /* ActivityController.swift */; };
		87C0D92420F919D600E04E66 /* ActivityViewCell.swift in Sources */ = {isa = PBXBuildFile; fileRef = 87C0D92320F919D600E04E66 /* ActivityViewCell.swift */; };
		87C3F84F20F84A150005CAAB /* NetworkHelper.swift in Sources */ = {isa = PBXBuildFile; fileRef = 87C3F84E20F84A150005CAAB /* NetworkHelper.swift */; };
		87C3F85120F84A270005CAAB /* SSIDHelper.swift in Sources */ = {isa = PBXBuildFile; fileRef = 87C3F85020F84A270005CAAB /* SSIDHelper.swift */; };
		87C3F85320F84A3F0005CAAB /* LocationHelper.swift in Sources */ = {isa = PBXBuildFile; fileRef = 87C3F85220F84A3F0005CAAB /* LocationHelper.swift */; };
		87C3F85620F84AA20005CAAB /* ApiService.swift in Sources */ = {isa = PBXBuildFile; fileRef = 87C3F85520F84AA20005CAAB /* ApiService.swift */; };
		E642B9433A02C55485278CF6 /* Pods_artemis.framework in Frameworks */ = {isa = PBXBuildFile; fileRef = EEB1DE65EC5E1FE0E86A4DF6 /* Pods_artemis.framework */; };
/* End PBXBuildFile section */

/* Begin PBXFileReference section */
		4E04156F20F4064A001080D4 /* CustomCell.swift */ = {isa = PBXFileReference; lastKnownFileType = sourcecode.swift; path = CustomCell.swift; sourceTree = "<group>"; };
		4E04157120F408F0001080D4 /* ImageView.swift */ = {isa = PBXFileReference; lastKnownFileType = sourcecode.swift; path = ImageView.swift; sourceTree = "<group>"; };
		4E04157420F5029D001080D4 /* Model.swift */ = {isa = PBXFileReference; lastKnownFileType = sourcecode.swift; path = Model.swift; sourceTree = "<group>"; };
		4E04157720F52BDA001080D4 /* CustomCellRed.swift */ = {isa = PBXFileReference; lastKnownFileType = sourcecode.swift; path = CustomCellRed.swift; sourceTree = "<group>"; };
		4E04157A20F53E04001080D4 /* MenuBar.swift */ = {isa = PBXFileReference; lastKnownFileType = sourcecode.swift; path = MenuBar.swift; sourceTree = "<group>"; };
		4E04157E20F6A3E9001080D4 /* RegisterAssistanceView.swift */ = {isa = PBXFileReference; lastKnownFileType = sourcecode.swift; path = RegisterAssistanceView.swift; sourceTree = "<group>"; };
		4E04158020F7E939001080D4 /* Project.swift */ = {isa = PBXFileReference; lastKnownFileType = sourcecode.swift; path = Project.swift; sourceTree = "<group>"; };
		4E04158220F7EBBB001080D4 /* ProjectViewCell.swift */ = {isa = PBXFileReference; lastKnownFileType = sourcecode.swift; path = ProjectViewCell.swift; sourceTree = "<group>"; };
		4E56053820FD602800C774B1 /* KindOfReport.swift */ = {isa = PBXFileReference; lastKnownFileType = sourcecode.swift; path = KindOfReport.swift; sourceTree = "<group>"; };
		4E56053A20FE537500C774B1 /* AssistanceMain.swift */ = {isa = PBXFileReference; lastKnownFileType = sourcecode.swift; path = AssistanceMain.swift; sourceTree = "<group>"; };
		4E56053C20FE581500C774B1 /* RegisterAssistanceCell.swift */ = {isa = PBXFileReference; lastKnownFileType = sourcecode.swift; path = RegisterAssistanceCell.swift; sourceTree = "<group>"; };
		4E56053E20FE811800C774B1 /* DeviceHelper.swift */ = {isa = PBXFileReference; lastKnownFileType = sourcecode.swift; path = DeviceHelper.swift; sourceTree = "<group>"; };
		4EB5CD322112178400E47882 /* PopUpMinutes.swift */ = {isa = PBXFileReference; lastKnownFileType = sourcecode.swift; path = PopUpMinutes.swift; sourceTree = "<group>"; };
		4EB5CD34211262D300E47882 /* DateHelper.swift */ = {isa = PBXFileReference; lastKnownFileType = sourcecode.swift; path = DateHelper.swift; sourceTree = "<group>"; };
		4EB5CD362113728B00E47882 /* ResponseActivity.swift */ = {isa = PBXFileReference; lastKnownFileType = sourcecode.swift; path = ResponseActivity.swift; sourceTree = "<group>"; };
		4EC2F7E520FD0EC3002BC8DF /* AssistanceHistoryCell.swift */ = {isa = PBXFileReference; lastKnownFileType = sourcecode.swift; path = AssistanceHistoryCell.swift; sourceTree = "<group>"; };
		4EC2F7E720FD287C002BC8DF /* ViewCell.swift */ = {isa = PBXFileReference; lastKnownFileType = sourcecode.swift; path = ViewCell.swift; sourceTree = "<group>"; };
		4EC2F7E920FD5EAF002BC8DF /* ReportCell.swift */ = {isa = PBXFileReference; lastKnownFileType = sourcecode.swift; path = ReportCell.swift; sourceTree = "<group>"; };
		4EFE73DB210F6E1A00A5C9C7 /* ResponseTask.swift */ = {isa = PBXFileReference; lastKnownFileType = sourcecode.swift; path = ResponseTask.swift; sourceTree = "<group>"; };
		4EFE73DD2110FB4B00A5C9C7 /* ResponseKindOfActivity.swift */ = {isa = PBXFileReference; lastKnownFileType = sourcecode.swift; path = ResponseKindOfActivity.swift; sourceTree = "<group>"; };
		4EFE73DF2110FDAA00A5C9C7 /* PopUpKindOfActivity.swift */ = {isa = PBXFileReference; lastKnownFileType = sourcecode.swift; path = PopUpKindOfActivity.swift; sourceTree = "<group>"; };
		870DE0B720F8652C00D162B2 /* InstanceVCWSB.swift */ = {isa = PBXFileReference; lastKnownFileType = sourcecode.swift; path = InstanceVCWSB.swift; sourceTree = "<group>"; };
		870DE0B920F8F31200D162B2 /* PopUpTime.swift */ = {isa = PBXFileReference; lastKnownFileType = sourcecode.swift; path = PopUpTime.swift; sourceTree = "<group>"; };
		8713E2A720EE79AE004C6167 /* artemis.app */ = {isa = PBXFileReference; explicitFileType = wrapper.application; includeInIndex = 0; path = artemis.app; sourceTree = BUILT_PRODUCTS_DIR; };
		8713E2AA20EE79AE004C6167 /* AppDelegate.swift */ = {isa = PBXFileReference; lastKnownFileType = sourcecode.swift; path = AppDelegate.swift; sourceTree = "<group>"; };
		8713E2AC20EE79AE004C6167 /* LoginController.swift */ = {isa = PBXFileReference; lastKnownFileType = sourcecode.swift; path = LoginController.swift; sourceTree = "<group>"; };
		8713E2AF20EE79AE004C6167 /* Base */ = {isa = PBXFileReference; lastKnownFileType = file.storyboard; name = Base; path = Base.lproj/Main.storyboard; sourceTree = "<group>"; };
		8713E2B120EE79AF004C6167 /* Assets.xcassets */ = {isa = PBXFileReference; lastKnownFileType = folder.assetcatalog; path = Assets.xcassets; sourceTree = "<group>"; };
		8713E2B420EE79AF004C6167 /* Base */ = {isa = PBXFileReference; lastKnownFileType = file.storyboard; name = Base; path = Base.lproj/LaunchScreen.storyboard; sourceTree = "<group>"; };
		8713E2B620EE79AF004C6167 /* Info.plist */ = {isa = PBXFileReference; lastKnownFileType = text.plist.xml; path = Info.plist; sourceTree = "<group>"; };
		8713E2C420EE7A46004C6167 /* LoginView.swift */ = {isa = PBXFileReference; lastKnownFileType = sourcecode.swift; path = LoginView.swift; sourceTree = "<group>"; };
		8713E2D020EE7B5B004C6167 /* Extensions.swift */ = {isa = PBXFileReference; lastKnownFileType = sourcecode.swift; path = Extensions.swift; sourceTree = "<group>"; };
		872985FA20F2B68300079961 /* TextField.swift */ = {isa = PBXFileReference; lastKnownFileType = sourcecode.swift; path = TextField.swift; sourceTree = "<group>"; };
		872985FD20F2B96200079961 /* Button.swift */ = {isa = PBXFileReference; lastKnownFileType = sourcecode.swift; path = Button.swift; sourceTree = "<group>"; };
		872C0F0A20F944FF00709522 /* WorkStations.swift */ = {isa = PBXFileReference; lastKnownFileType = sourcecode.swift; path = WorkStations.swift; sourceTree = "<group>"; };
		872C0F0C20F9458700709522 /* UserModel.swift */ = {isa = PBXFileReference; lastKnownFileType = sourcecode.swift; path = UserModel.swift; sourceTree = "<group>"; };
		872C0F0E20F9462C00709522 /* VerifyAssistance.swift */ = {isa = PBXFileReference; lastKnownFileType = sourcecode.swift; path = VerifyAssistance.swift; sourceTree = "<group>"; };
		8730DA4120F9827D009691E0 /* ProgressDialog.swift */ = {isa = PBXFileReference; lastKnownFileType = sourcecode.swift; path = ProgressDialog.swift; sourceTree = "<group>"; };
		875E23B420EEE08D0047C845 /* ScreenHelper.swift */ = {isa = PBXFileReference; lastKnownFileType = sourcecode.swift; path = ScreenHelper.swift; sourceTree = "<group>"; };
		875ED9FE20F2DE2A00CC09C3 /* RegisterActivityView.swift */ = {isa = PBXFileReference; lastKnownFileType = sourcecode.swift; path = RegisterActivityView.swift; sourceTree = "<group>"; };
		875EDA0920F2EB4E00CC09C3 /* TabBarController.swift */ = {isa = PBXFileReference; lastKnownFileType = sourcecode.swift; path = TabBarController.swift; sourceTree = "<group>"; };
		875EDA1120F2EDD600CC09C3 /* UserController.swift */ = {isa = PBXFileReference; lastKnownFileType = sourcecode.swift; path = UserController.swift; sourceTree = "<group>"; };
		875EDA1320F2EDDF00CC09C3 /* ProjectController.swift */ = {isa = PBXFileReference; lastKnownFileType = sourcecode.swift; path = ProjectController.swift; sourceTree = "<group>"; };
		875EDA1720F2EDF600CC09C3 /* AbsentController.swift */ = {isa = PBXFileReference; lastKnownFileType = sourcecode.swift; path = AbsentController.swift; sourceTree = "<group>"; };
		8770238020EFBB4F00C5B07F /* RegisterActivityController.swift */ = {isa = PBXFileReference; lastKnownFileType = sourcecode.swift; path = RegisterActivityController.swift; sourceTree = "<group>"; };
		8770238220EFC3C800C5B07F /* ElementsHelper.swift */ = {isa = PBXFileReference; lastKnownFileType = sourcecode.swift; path = ElementsHelper.swift; sourceTree = "<group>"; };
		87BFC47220F281D400B24E19 /* Constants.swift */ = {isa = PBXFileReference; lastKnownFileType = sourcecode.swift; path = Constants.swift; sourceTree = "<group>"; };
		87C0D91E20F8FD1400E04E66 /* PopUpProject.swift */ = {isa = PBXFileReference; lastKnownFileType = sourcecode.swift; path = PopUpProject.swift; sourceTree = "<group>"; };
		87C0D92120F9137D00E04E66 /* ActivityController.swift */ = {isa = PBXFileReference; lastKnownFileType = sourcecode.swift; path = ActivityController.swift; sourceTree = "<group>"; };
		87C0D92320F919D600E04E66 /* ActivityViewCell.swift */ = {isa = PBXFileReference; lastKnownFileType = sourcecode.swift; path = ActivityViewCell.swift; sourceTree = "<group>"; };
		87C3F84E20F84A150005CAAB /* NetworkHelper.swift */ = {isa = PBXFileReference; lastKnownFileType = sourcecode.swift; path = NetworkHelper.swift; sourceTree = "<group>"; };
		87C3F85020F84A270005CAAB /* SSIDHelper.swift */ = {isa = PBXFileReference; lastKnownFileType = sourcecode.swift; path = SSIDHelper.swift; sourceTree = "<group>"; };
		87C3F85220F84A3F0005CAAB /* LocationHelper.swift */ = {isa = PBXFileReference; lastKnownFileType = sourcecode.swift; path = LocationHelper.swift; sourceTree = "<group>"; };
		87C3F85520F84AA20005CAAB /* ApiService.swift */ = {isa = PBXFileReference; lastKnownFileType = sourcecode.swift; path = ApiService.swift; sourceTree = "<group>"; };
		E11716F0982CC7E464834D0C /* Pods-artemis.debug.xcconfig */ = {isa = PBXFileReference; includeInIndex = 1; lastKnownFileType = text.xcconfig; name = "Pods-artemis.debug.xcconfig"; path = "Pods/Target Support Files/Pods-artemis/Pods-artemis.debug.xcconfig"; sourceTree = "<group>"; };
		E3CAA6C375DE836F8E0A0E24 /* Pods-artemis.release.xcconfig */ = {isa = PBXFileReference; includeInIndex = 1; lastKnownFileType = text.xcconfig; name = "Pods-artemis.release.xcconfig"; path = "Pods/Target Support Files/Pods-artemis/Pods-artemis.release.xcconfig"; sourceTree = "<group>"; };
		EEB1DE65EC5E1FE0E86A4DF6 /* Pods_artemis.framework */ = {isa = PBXFileReference; explicitFileType = wrapper.framework; includeInIndex = 0; path = Pods_artemis.framework; sourceTree = BUILT_PRODUCTS_DIR; };
/* End PBXFileReference section */

/* Begin PBXFrameworksBuildPhase section */
		8713E2A420EE79AE004C6167 /* Frameworks */ = {
			isa = PBXFrameworksBuildPhase;
			buildActionMask = 2147483647;
			files = (
				E642B9433A02C55485278CF6 /* Pods_artemis.framework in Frameworks */,
			);
			runOnlyForDeploymentPostprocessing = 0;
		};
/* End PBXFrameworksBuildPhase section */

/* Begin PBXGroup section */
		20F6299C6FEC74FA7060A745 /* Pods */ = {
			isa = PBXGroup;
			children = (
				E11716F0982CC7E464834D0C /* Pods-artemis.debug.xcconfig */,
				E3CAA6C375DE836F8E0A0E24 /* Pods-artemis.release.xcconfig */,
			);
			name = Pods;
			sourceTree = "<group>";
		};
		35525FBD3788D11EDAC5361C /* Frameworks */ = {
			isa = PBXGroup;
			children = (
				EEB1DE65EC5E1FE0E86A4DF6 /* Pods_artemis.framework */,
			);
			name = Frameworks;
			sourceTree = "<group>";
		};
		4E04157320F5024F001080D4 /* model */ = {
			isa = PBXGroup;
			children = (
				4E04157420F5029D001080D4 /* Model.swift */,
				4E04158020F7E939001080D4 /* Project.swift */,
				872C0F0A20F944FF00709522 /* WorkStations.swift */,
				872C0F0C20F9458700709522 /* UserModel.swift */,
				872C0F0E20F9462C00709522 /* VerifyAssistance.swift */,
				4E56053820FD602800C774B1 /* KindOfReport.swift */,
				4EFE73DB210F6E1A00A5C9C7 /* ResponseTask.swift */,
				4EFE73DD2110FB4B00A5C9C7 /* ResponseKindOfActivity.swift */,
				4EB5CD362113728B00E47882 /* ResponseActivity.swift */,
			);
			path = model;
			sourceTree = "<group>";
		};
		4E04157920F53DE9001080D4 /* barmenu */ = {
			isa = PBXGroup;
			children = (
				4E04157A20F53E04001080D4 /* MenuBar.swift */,
			);
			path = barmenu;
			sourceTree = "<group>";
		};
		8713E29E20EE79AE004C6167 = {
			isa = PBXGroup;
			children = (
				8713E2A920EE79AE004C6167 /* artemis */,
				8713E2A820EE79AE004C6167 /* Products */,
				20F6299C6FEC74FA7060A745 /* Pods */,
				35525FBD3788D11EDAC5361C /* Frameworks */,
			);
			sourceTree = "<group>";
		};
		8713E2A820EE79AE004C6167 /* Products */ = {
			isa = PBXGroup;
			children = (
				8713E2A720EE79AE004C6167 /* artemis.app */,
			);
			name = Products;
			sourceTree = "<group>";
		};
		8713E2A920EE79AE004C6167 /* artemis */ = {
			isa = PBXGroup;
			children = (
				87C3F85420F84A800005CAAB /* services */,
				87C3F84D20F849C70005CAAB /* utilities */,
				4E04157320F5024F001080D4 /* model */,
				875EDA0320F2E20600CC09C3 /* login */,
				875EDA0720F2E36200CC09C3 /* tabbar */,
				872985FC20F2B8B900079961 /* extensions */,
				8713E2BE20EE79F3004C6167 /* utilities */,
				8713E2AA20EE79AE004C6167 /* AppDelegate.swift */,
				8713E2AE20EE79AE004C6167 /* Main.storyboard */,
				8713E2B120EE79AF004C6167 /* Assets.xcassets */,
				8713E2B320EE79AF004C6167 /* LaunchScreen.storyboard */,
				8713E2B620EE79AF004C6167 /* Info.plist */,
			);
			path = artemis;
			sourceTree = "<group>";
		};
		8713E2BE20EE79F3004C6167 /* utilities */ = {
			isa = PBXGroup;
			children = (
				875E23B420EEE08D0047C845 /* ScreenHelper.swift */,
				8770238220EFC3C800C5B07F /* ElementsHelper.swift */,
				87BFC47220F281D400B24E19 /* Constants.swift */,
				4EB5CD34211262D300E47882 /* DateHelper.swift */,
			);
			path = utilities;
			sourceTree = "<group>";
		};
		872985FC20F2B8B900079961 /* extensions */ = {
			isa = PBXGroup;
			children = (
				4E04156F20F4064A001080D4 /* CustomCell.swift */,
				8713E2D020EE7B5B004C6167 /* Extensions.swift */,
				872985FD20F2B96200079961 /* Button.swift */,
				872985FA20F2B68300079961 /* TextField.swift */,
				4E04157120F408F0001080D4 /* ImageView.swift */,
				4E04157720F52BDA001080D4 /* CustomCellRed.swift */,
				8730DA4120F9827D009691E0 /* ProgressDialog.swift */,
			);
			path = extensions;
			sourceTree = "<group>";
		};
		875EDA0320F2E20600CC09C3 /* login */ = {
			isa = PBXGroup;
			children = (
				8713E2C420EE7A46004C6167 /* LoginView.swift */,
				8713E2AC20EE79AE004C6167 /* LoginController.swift */,
			);
			path = login;
			sourceTree = "<group>";
		};
		875EDA0720F2E36200CC09C3 /* tabbar */ = {
			isa = PBXGroup;
			children = (
				875EDA0B20F2EBCF00CC09C3 /* assistance */,
				875EDA0C20F2EDA000CC09C3 /* absent */,
				875EDA0D20F2EDA800CC09C3 /* activity */,
				875EDA0E20F2EDAE00CC09C3 /* project */,
				875EDA0F20F2EDB400CC09C3 /* user */,
				875EDA0920F2EB4E00CC09C3 /* TabBarController.swift */,
			);
			path = tabbar;
			sourceTree = "<group>";
		};
		875EDA0B20F2EBCF00CC09C3 /* assistance */ = {
			isa = PBXGroup;
			children = (
				4E04157920F53DE9001080D4 /* barmenu */,
				4EC2F7E720FD287C002BC8DF /* ViewCell.swift */,
				4E56053A20FE537500C774B1 /* AssistanceMain.swift */,
				4E04157E20F6A3E9001080D4 /* RegisterAssistanceView.swift */,
				4EC2F7E520FD0EC3002BC8DF /* AssistanceHistoryCell.swift */,
				4E56053C20FE581500C774B1 /* RegisterAssistanceCell.swift */,
			);
			path = assistance;
			sourceTree = "<group>";
		};
		875EDA0C20F2EDA000CC09C3 /* absent */ = {
			isa = PBXGroup;
			children = (
				875EDA1720F2EDF600CC09C3 /* AbsentController.swift */,
				4EC2F7E920FD5EAF002BC8DF /* ReportCell.swift */,
			);
			path = absent;
			sourceTree = "<group>";
		};
		875EDA0D20F2EDA800CC09C3 /* activity */ = {
			isa = PBXGroup;
			children = (
				87C0D92020F9131800E04E66 /* register_activity */,
				87C0D92120F9137D00E04E66 /* ActivityController.swift */,
				87C0D92320F919D600E04E66 /* ActivityViewCell.swift */,
			);
			path = activity;
			sourceTree = "<group>";
		};
		875EDA0E20F2EDAE00CC09C3 /* project */ = {
			isa = PBXGroup;
			children = (
				4E04158220F7EBBB001080D4 /* ProjectViewCell.swift */,
				875EDA1320F2EDDF00CC09C3 /* ProjectController.swift */,
			);
			path = project;
			sourceTree = "<group>";
		};
		875EDA0F20F2EDB400CC09C3 /* user */ = {
			isa = PBXGroup;
			children = (
				875EDA1120F2EDD600CC09C3 /* UserController.swift */,
			);
			path = user;
			sourceTree = "<group>";
		};
		87C0D92020F9131800E04E66 /* register_activity */ = {
			isa = PBXGroup;
			children = (
				875ED9FE20F2DE2A00CC09C3 /* RegisterActivityView.swift */,
				8770238020EFBB4F00C5B07F /* RegisterActivityController.swift */,
				870DE0B920F8F31200D162B2 /* PopUpTime.swift */,
				87C0D91E20F8FD1400E04E66 /* PopUpProject.swift */,
				4EFE73DF2110FDAA00A5C9C7 /* PopUpKindOfActivity.swift */,
				4EB5CD322112178400E47882 /* PopUpMinutes.swift */,
			);
			path = register_activity;
			sourceTree = "<group>";
		};
		87C3F84D20F849C70005CAAB /* utilities */ = {
			isa = PBXGroup;
			children = (
				87C3F84E20F84A150005CAAB /* NetworkHelper.swift */,
				87C3F85020F84A270005CAAB /* SSIDHelper.swift */,
				87C3F85220F84A3F0005CAAB /* LocationHelper.swift */,
				870DE0B720F8652C00D162B2 /* InstanceVCWSB.swift */,
				4E56053E20FE811800C774B1 /* DeviceHelper.swift */,
			);
			name = utilities;
			path = "New Group";
			sourceTree = "<group>";
		};
		87C3F85420F84A800005CAAB /* services */ = {
			isa = PBXGroup;
			children = (
				87C3F85520F84AA20005CAAB /* ApiService.swift */,
			);
			path = services;
			sourceTree = "<group>";
		};
/* End PBXGroup section */

/* Begin PBXNativeTarget section */
		8713E2A620EE79AE004C6167 /* artemis */ = {
			isa = PBXNativeTarget;
			buildConfigurationList = 8713E2B920EE79AF004C6167 /* Build configuration list for PBXNativeTarget "artemis" */;
			buildPhases = (
				FB5062D8FE520B4F22F50F81 /* [CP] Check Pods Manifest.lock */,
				8713E2A320EE79AE004C6167 /* Sources */,
				8713E2A420EE79AE004C6167 /* Frameworks */,
				8713E2A520EE79AE004C6167 /* Resources */,
				0241DDBC5F7A8EB114D350B7 /* [CP] Embed Pods Frameworks */,
			);
			buildRules = (
			);
			dependencies = (
			);
			name = artemis;
			productName = artemis;
			productReference = 8713E2A720EE79AE004C6167 /* artemis.app */;
			productType = "com.apple.product-type.application";
		};
/* End PBXNativeTarget section */

/* Begin PBXProject section */
		8713E29F20EE79AE004C6167 /* Project object */ = {
			isa = PBXProject;
			attributes = {
				LastSwiftUpdateCheck = 0940;
				LastUpgradeCheck = 0940;
				ORGANIZATIONNAME = GTUFINOF;
				TargetAttributes = {
					8713E2A620EE79AE004C6167 = {
						CreatedOnToolsVersion = 9.4.1;
					};
				};
			};
			buildConfigurationList = 8713E2A220EE79AE004C6167 /* Build configuration list for PBXProject "artemis" */;
			compatibilityVersion = "Xcode 9.3";
			developmentRegion = en;
			hasScannedForEncodings = 0;
			knownRegions = (
				en,
				Base,
			);
			mainGroup = 8713E29E20EE79AE004C6167;
			productRefGroup = 8713E2A820EE79AE004C6167 /* Products */;
			projectDirPath = "";
			projectRoot = "";
			targets = (
				8713E2A620EE79AE004C6167 /* artemis */,
			);
		};
/* End PBXProject section */

/* Begin PBXResourcesBuildPhase section */
		8713E2A520EE79AE004C6167 /* Resources */ = {
			isa = PBXResourcesBuildPhase;
			buildActionMask = 2147483647;
			files = (
				8713E2B520EE79AF004C6167 /* LaunchScreen.storyboard in Resources */,
				8713E2B220EE79AF004C6167 /* Assets.xcassets in Resources */,
				8713E2B020EE79AE004C6167 /* Main.storyboard in Resources */,
			);
			runOnlyForDeploymentPostprocessing = 0;
		};
/* End PBXResourcesBuildPhase section */

/* Begin PBXShellScriptBuildPhase section */
		0241DDBC5F7A8EB114D350B7 /* [CP] Embed Pods Frameworks */ = {
			isa = PBXShellScriptBuildPhase;
			buildActionMask = 2147483647;
			files = (
			);
			inputPaths = (
				"${SRCROOT}/Pods/Target Support Files/Pods-artemis/Pods-artemis-frameworks.sh",
				"${BUILT_PRODUCTS_DIR}/Alamofire/Alamofire.framework",
				"${BUILT_PRODUCTS_DIR}/IGListKit/IGListKit.framework",
				"${BUILT_PRODUCTS_DIR}/IQKeyboardManagerSwift/IQKeyboardManagerSwift.framework",
				"${BUILT_PRODUCTS_DIR}/SDWebImage/SDWebImage.framework",
				"${BUILT_PRODUCTS_DIR}/SnapKit/SnapKit.framework",
				"${BUILT_PRODUCTS_DIR}/SwiftyJSON/SwiftyJSON.framework",
				"${BUILT_PRODUCTS_DIR}/SwiftyTimer/SwiftyTimer.framework",
				"${BUILT_PRODUCTS_DIR}/SwiftyUserDefaults/SwiftyUserDefaults.framework",
				"${BUILT_PRODUCTS_DIR}/Toast/Toast.framework",
			);
			name = "[CP] Embed Pods Frameworks";
			outputPaths = (
				"${TARGET_BUILD_DIR}/${FRAMEWORKS_FOLDER_PATH}/Alamofire.framework",
				"${TARGET_BUILD_DIR}/${FRAMEWORKS_FOLDER_PATH}/IGListKit.framework",
				"${TARGET_BUILD_DIR}/${FRAMEWORKS_FOLDER_PATH}/IQKeyboardManagerSwift.framework",
				"${TARGET_BUILD_DIR}/${FRAMEWORKS_FOLDER_PATH}/SDWebImage.framework",
				"${TARGET_BUILD_DIR}/${FRAMEWORKS_FOLDER_PATH}/SnapKit.framework",
				"${TARGET_BUILD_DIR}/${FRAMEWORKS_FOLDER_PATH}/SwiftyJSON.framework",
				"${TARGET_BUILD_DIR}/${FRAMEWORKS_FOLDER_PATH}/SwiftyTimer.framework",
				"${TARGET_BUILD_DIR}/${FRAMEWORKS_FOLDER_PATH}/SwiftyUserDefaults.framework",
				"${TARGET_BUILD_DIR}/${FRAMEWORKS_FOLDER_PATH}/Toast.framework",
			);
			runOnlyForDeploymentPostprocessing = 0;
			shellPath = /bin/sh;
			shellScript = "\"${SRCROOT}/Pods/Target Support Files/Pods-artemis/Pods-artemis-frameworks.sh\"\n";
			showEnvVarsInLog = 0;
		};
		FB5062D8FE520B4F22F50F81 /* [CP] Check Pods Manifest.lock */ = {
			isa = PBXShellScriptBuildPhase;
			buildActionMask = 2147483647;
			files = (
			);
			inputPaths = (
				"${PODS_PODFILE_DIR_PATH}/Podfile.lock",
				"${PODS_ROOT}/Manifest.lock",
			);
			name = "[CP] Check Pods Manifest.lock";
			outputPaths = (
				"$(DERIVED_FILE_DIR)/Pods-artemis-checkManifestLockResult.txt",
			);
			runOnlyForDeploymentPostprocessing = 0;
			shellPath = /bin/sh;
			shellScript = "diff \"${PODS_PODFILE_DIR_PATH}/Podfile.lock\" \"${PODS_ROOT}/Manifest.lock\" > /dev/null\nif [ $? != 0 ] ; then\n    # print error to STDERR\n    echo \"error: The sandbox is not in sync with the Podfile.lock. Run 'pod install' or update your CocoaPods installation.\" >&2\n    exit 1\nfi\n# This output is used by Xcode 'outputs' to avoid re-running this script phase.\necho \"SUCCESS\" > \"${SCRIPT_OUTPUT_FILE_0}\"\n";
			showEnvVarsInLog = 0;
		};
/* End PBXShellScriptBuildPhase section */

/* Begin PBXSourcesBuildPhase section */
		8713E2A320EE79AE004C6167 /* Sources */ = {
			isa = PBXSourcesBuildPhase;
			buildActionMask = 2147483647;
			files = (
				870DE0B820F8652C00D162B2 /* InstanceVCWSB.swift in Sources */,
				87C3F84F20F84A150005CAAB /* NetworkHelper.swift in Sources */,
				875EDA1220F2EDD600CC09C3 /* UserController.swift in Sources */,
				4E04157220F408F0001080D4 /* ImageView.swift in Sources */,
				875E23B520EEE08D0047C845 /* ScreenHelper.swift in Sources */,
				4EFE73DC210F6E1A00A5C9C7 /* ResponseTask.swift in Sources */,
				4E04158120F7E939001080D4 /* Project.swift in Sources */,
				8713E2AD20EE79AE004C6167 /* LoginController.swift in Sources */,
				872C0F0D20F9458700709522 /* UserModel.swift in Sources */,
				875EDA1820F2EDF600CC09C3 /* AbsentController.swift in Sources */,
				4E04158320F7EBBB001080D4 /* ProjectViewCell.swift in Sources */,
				4E56053920FD602800C774B1 /* KindOfReport.swift in Sources */,
				87C0D92420F919D600E04E66 /* ActivityViewCell.swift in Sources */,
				87C3F85120F84A270005CAAB /* SSIDHelper.swift in Sources */,
				4E04157020F4064A001080D4 /* CustomCell.swift in Sources */,
				4EC2F7E620FD0EC3002BC8DF /* AssistanceHistoryCell.swift in Sources */,
				4E04157520F5029D001080D4 /* Model.swift in Sources */,
				8730DA4220F9827D009691E0 /* ProgressDialog.swift in Sources */,
				870DE0BA20F8F31200D162B2 /* PopUpTime.swift in Sources */,
				87C3F85320F84A3F0005CAAB /* LocationHelper.swift in Sources */,
				4EB5CD332112178400E47882 /* PopUpMinutes.swift in Sources */,
				4EB5CD35211262D400E47882 /* DateHelper.swift in Sources */,
				4EFE73E02110FDAA00A5C9C7 /* PopUpKindOfActivity.swift in Sources */,
				4E04157F20F6A3EA001080D4 /* RegisterAssistanceView.swift in Sources */,
				875EDA0A20F2EB4E00CC09C3 /* TabBarController.swift in Sources */,
				875EDA1420F2EDDF00CC09C3 /* ProjectController.swift in Sources */,
				4E56053F20FE811800C774B1 /* DeviceHelper.swift in Sources */,
				4E56053D20FE581500C774B1 /* RegisterAssistanceCell.swift in Sources */,
				872985FB20F2B68300079961 /* TextField.swift in Sources */,
				4EC2F7E820FD287C002BC8DF /* ViewCell.swift in Sources */,
				4EC2F7EA20FD5EAF002BC8DF /* ReportCell.swift in Sources */,
				8770238120EFBB4F00C5B07F /* RegisterActivityController.swift in Sources */,
				4E04157820F52BDA001080D4 /* CustomCellRed.swift in Sources */,
				87BFC47320F281D400B24E19 /* Constants.swift in Sources */,
				4EFE73DE2110FB4C00A5C9C7 /* ResponseKindOfActivity.swift in Sources */,
				4EB5CD372113728B00E47882 /* ResponseActivity.swift in Sources */,
				875ED9FF20F2DE2A00CC09C3 /* RegisterActivityView.swift in Sources */,
				87C0D91F20F8FD1400E04E66 /* PopUpProject.swift in Sources */,
				8713E2C520EE7A46004C6167 /* LoginView.swift in Sources */,
				8713E2D120EE7B5B004C6167 /* Extensions.swift in Sources */,
				8713E2AB20EE79AE004C6167 /* AppDelegate.swift in Sources */,
				872C0F0B20F944FF00709522 /* WorkStations.swift in Sources */,
				87C3F85620F84AA20005CAAB /* ApiService.swift in Sources */,
				872C0F0F20F9462C00709522 /* VerifyAssistance.swift in Sources */,
				8770238320EFC3C800C5B07F /* ElementsHelper.swift in Sources */,
				4E04157B20F53E04001080D4 /* MenuBar.swift in Sources */,
				87C0D92220F9137D00E04E66 /* ActivityController.swift in Sources */,
				4E56053B20FE537500C774B1 /* AssistanceMain.swift in Sources */,
				872985FE20F2B96200079961 /* Button.swift in Sources */,
			);
			runOnlyForDeploymentPostprocessing = 0;
		};
/* End PBXSourcesBuildPhase section */

/* Begin PBXVariantGroup section */
		8713E2AE20EE79AE004C6167 /* Main.storyboard */ = {
			isa = PBXVariantGroup;
			children = (
				8713E2AF20EE79AE004C6167 /* Base */,
			);
			name = Main.storyboard;
			sourceTree = "<group>";
		};
		8713E2B320EE79AF004C6167 /* LaunchScreen.storyboard */ = {
			isa = PBXVariantGroup;
			children = (
				8713E2B420EE79AF004C6167 /* Base */,
			);
			name = LaunchScreen.storyboard;
			sourceTree = "<group>";
		};
/* End PBXVariantGroup section */

/* Begin XCBuildConfiguration section */
		8713E2B720EE79AF004C6167 /* Debug */ = {
			isa = XCBuildConfiguration;
			buildSettings = {
				ALWAYS_SEARCH_USER_PATHS = NO;
				CLANG_ANALYZER_NONNULL = YES;
				CLANG_ANALYZER_NUMBER_OBJECT_CONVERSION = YES_AGGRESSIVE;
				CLANG_CXX_LANGUAGE_STANDARD = "gnu++14";
				CLANG_CXX_LIBRARY = "libc++";
				CLANG_ENABLE_MODULES = YES;
				CLANG_ENABLE_OBJC_ARC = YES;
				CLANG_ENABLE_OBJC_WEAK = YES;
				CLANG_WARN_BLOCK_CAPTURE_AUTORELEASING = YES;
				CLANG_WARN_BOOL_CONVERSION = YES;
				CLANG_WARN_COMMA = YES;
				CLANG_WARN_CONSTANT_CONVERSION = YES;
				CLANG_WARN_DEPRECATED_OBJC_IMPLEMENTATIONS = YES;
				CLANG_WARN_DIRECT_OBJC_ISA_USAGE = YES_ERROR;
				CLANG_WARN_DOCUMENTATION_COMMENTS = YES;
				CLANG_WARN_EMPTY_BODY = YES;
				CLANG_WARN_ENUM_CONVERSION = YES;
				CLANG_WARN_INFINITE_RECURSION = YES;
				CLANG_WARN_INT_CONVERSION = YES;
				CLANG_WARN_NON_LITERAL_NULL_CONVERSION = YES;
				CLANG_WARN_OBJC_IMPLICIT_RETAIN_SELF = YES;
				CLANG_WARN_OBJC_LITERAL_CONVERSION = YES;
				CLANG_WARN_OBJC_ROOT_CLASS = YES_ERROR;
				CLANG_WARN_RANGE_LOOP_ANALYSIS = YES;
				CLANG_WARN_STRICT_PROTOTYPES = YES;
				CLANG_WARN_SUSPICIOUS_MOVE = YES;
				CLANG_WARN_UNGUARDED_AVAILABILITY = YES_AGGRESSIVE;
				CLANG_WARN_UNREACHABLE_CODE = YES;
				CLANG_WARN__DUPLICATE_METHOD_MATCH = YES;
				CODE_SIGN_IDENTITY = "iPhone Developer";
				COPY_PHASE_STRIP = NO;
				DEBUG_INFORMATION_FORMAT = dwarf;
				ENABLE_STRICT_OBJC_MSGSEND = YES;
				ENABLE_TESTABILITY = YES;
				GCC_C_LANGUAGE_STANDARD = gnu11;
				GCC_DYNAMIC_NO_PIC = NO;
				GCC_NO_COMMON_BLOCKS = YES;
				GCC_OPTIMIZATION_LEVEL = 0;
				GCC_PREPROCESSOR_DEFINITIONS = (
					"DEBUG=1",
					"$(inherited)",
				);
				GCC_WARN_64_TO_32_BIT_CONVERSION = YES;
				GCC_WARN_ABOUT_RETURN_TYPE = YES_ERROR;
				GCC_WARN_UNDECLARED_SELECTOR = YES;
				GCC_WARN_UNINITIALIZED_AUTOS = YES_AGGRESSIVE;
				GCC_WARN_UNUSED_FUNCTION = YES;
				GCC_WARN_UNUSED_VARIABLE = YES;
				IPHONEOS_DEPLOYMENT_TARGET = 11.4;
				MTL_ENABLE_DEBUG_INFO = YES;
				ONLY_ACTIVE_ARCH = YES;
				SDKROOT = iphoneos;
				SWIFT_ACTIVE_COMPILATION_CONDITIONS = DEBUG;
				SWIFT_OPTIMIZATION_LEVEL = "-Onone";
			};
			name = Debug;
		};
		8713E2B820EE79AF004C6167 /* Release */ = {
			isa = XCBuildConfiguration;
			buildSettings = {
				ALWAYS_SEARCH_USER_PATHS = NO;
				CLANG_ANALYZER_NONNULL = YES;
				CLANG_ANALYZER_NUMBER_OBJECT_CONVERSION = YES_AGGRESSIVE;
				CLANG_CXX_LANGUAGE_STANDARD = "gnu++14";
				CLANG_CXX_LIBRARY = "libc++";
				CLANG_ENABLE_MODULES = YES;
				CLANG_ENABLE_OBJC_ARC = YES;
				CLANG_ENABLE_OBJC_WEAK = YES;
				CLANG_WARN_BLOCK_CAPTURE_AUTORELEASING = YES;
				CLANG_WARN_BOOL_CONVERSION = YES;
				CLANG_WARN_COMMA = YES;
				CLANG_WARN_CONSTANT_CONVERSION = YES;
				CLANG_WARN_DEPRECATED_OBJC_IMPLEMENTATIONS = YES;
				CLANG_WARN_DIRECT_OBJC_ISA_USAGE = YES_ERROR;
				CLANG_WARN_DOCUMENTATION_COMMENTS = YES;
				CLANG_WARN_EMPTY_BODY = YES;
				CLANG_WARN_ENUM_CONVERSION = YES;
				CLANG_WARN_INFINITE_RECURSION = YES;
				CLANG_WARN_INT_CONVERSION = YES;
				CLANG_WARN_NON_LITERAL_NULL_CONVERSION = YES;
				CLANG_WARN_OBJC_IMPLICIT_RETAIN_SELF = YES;
				CLANG_WARN_OBJC_LITERAL_CONVERSION = YES;
				CLANG_WARN_OBJC_ROOT_CLASS = YES_ERROR;
				CLANG_WARN_RANGE_LOOP_ANALYSIS = YES;
				CLANG_WARN_STRICT_PROTOTYPES = YES;
				CLANG_WARN_SUSPICIOUS_MOVE = YES;
				CLANG_WARN_UNGUARDED_AVAILABILITY = YES_AGGRESSIVE;
				CLANG_WARN_UNREACHABLE_CODE = YES;
				CLANG_WARN__DUPLICATE_METHOD_MATCH = YES;
				CODE_SIGN_IDENTITY = "iPhone Developer";
				COPY_PHASE_STRIP = NO;
				DEBUG_INFORMATION_FORMAT = "dwarf-with-dsym";
				ENABLE_NS_ASSERTIONS = NO;
				ENABLE_STRICT_OBJC_MSGSEND = YES;
				GCC_C_LANGUAGE_STANDARD = gnu11;
				GCC_NO_COMMON_BLOCKS = YES;
				GCC_WARN_64_TO_32_BIT_CONVERSION = YES;
				GCC_WARN_ABOUT_RETURN_TYPE = YES_ERROR;
				GCC_WARN_UNDECLARED_SELECTOR = YES;
				GCC_WARN_UNINITIALIZED_AUTOS = YES_AGGRESSIVE;
				GCC_WARN_UNUSED_FUNCTION = YES;
				GCC_WARN_UNUSED_VARIABLE = YES;
				IPHONEOS_DEPLOYMENT_TARGET = 11.4;
				MTL_ENABLE_DEBUG_INFO = NO;
				SDKROOT = iphoneos;
				SWIFT_COMPILATION_MODE = wholemodule;
				SWIFT_OPTIMIZATION_LEVEL = "-O";
				VALIDATE_PRODUCT = YES;
			};
			name = Release;
		};
		8713E2BA20EE79AF004C6167 /* Debug */ = {
			isa = XCBuildConfiguration;
			baseConfigurationReference = E11716F0982CC7E464834D0C /* Pods-artemis.debug.xcconfig */;
			buildSettings = {
				ASSETCATALOG_COMPILER_APPICON_NAME = AppIcon;
				CODE_SIGN_STYLE = Automatic;
				DEVELOPMENT_TEAM = 7KV35963M6;
				INFOPLIST_FILE = artemis/Info.plist;
				IPHONEOS_DEPLOYMENT_TARGET = 11.2;
				LD_RUNPATH_SEARCH_PATHS = (
					"$(inherited)",
					"@executable_path/Frameworks",
				);
				PRODUCT_BUNDLE_IDENTIFIER = com.vfconsulting.artemis;
				PRODUCT_NAME = "$(TARGET_NAME)";
				SWIFT_VERSION = 4.0;
				TARGETED_DEVICE_FAMILY = "1,2";
			};
			name = Debug;
		};
		8713E2BB20EE79AF004C6167 /* Release */ = {
			isa = XCBuildConfiguration;
			baseConfigurationReference = E3CAA6C375DE836F8E0A0E24 /* Pods-artemis.release.xcconfig */;
			buildSettings = {
				ASSETCATALOG_COMPILER_APPICON_NAME = AppIcon;
				CODE_SIGN_STYLE = Automatic;
				DEVELOPMENT_TEAM = 7KV35963M6;
				INFOPLIST_FILE = artemis/Info.plist;
				IPHONEOS_DEPLOYMENT_TARGET = 11.2;
				LD_RUNPATH_SEARCH_PATHS = (
					"$(inherited)",
					"@executable_path/Frameworks",
				);
				PRODUCT_BUNDLE_IDENTIFIER = com.vfconsulting.artemis;
				PRODUCT_NAME = "$(TARGET_NAME)";
				SWIFT_VERSION = 4.0;
				TARGETED_DEVICE_FAMILY = "1,2";
			};
			name = Release;
		};
/* End XCBuildConfiguration section */

/* Begin XCConfigurationList section */
		8713E2A220EE79AE004C6167 /* Build configuration list for PBXProject "artemis" */ = {
			isa = XCConfigurationList;
			buildConfigurations = (
				8713E2B720EE79AF004C6167 /* Debug */,
				8713E2B820EE79AF004C6167 /* Release */,
			);
			defaultConfigurationIsVisible = 0;
			defaultConfigurationName = Release;
		};
		8713E2B920EE79AF004C6167 /* Build configuration list for PBXNativeTarget "artemis" */ = {
			isa = XCConfigurationList;
			buildConfigurations = (
				8713E2BA20EE79AF004C6167 /* Debug */,
				8713E2BB20EE79AF004C6167 /* Release */,
			);
			defaultConfigurationIsVisible = 0;
			defaultConfigurationName = Release;
		};
/* End XCConfigurationList section */
	};
	rootObject = 8713E29F20EE79AE004C6167 /* Project object */;
}
