// !$*UTF8*$!
{
	archiveVersion = 1;
	classes = {
	};
	objectVersion = 50;
	objects = {

/* Begin PBXBuildFile section */
		8713E2AB20EE79AE004C6167 /* AppDelegate.swift in Sources */ = {isa = PBXBuildFile; fileRef = 8713E2AA20EE79AE004C6167 /* AppDelegate.swift */; };
		8713E2AD20EE79AE004C6167 /* ViewController.swift in Sources */ = {isa = PBXBuildFile; fileRef = 8713E2AC20EE79AE004C6167 /* ViewController.swift */; };
		8713E2B020EE79AE004C6167 /* Main.storyboard in Resources */ = {isa = PBXBuildFile; fileRef = 8713E2AE20EE79AE004C6167 /* Main.storyboard */; };
		8713E2B220EE79AF004C6167 /* Assets.xcassets in Resources */ = {isa = PBXBuildFile; fileRef = 8713E2B120EE79AF004C6167 /* Assets.xcassets */; };
		8713E2B520EE79AF004C6167 /* LaunchScreen.storyboard in Resources */ = {isa = PBXBuildFile; fileRef = 8713E2B320EE79AF004C6167 /* LaunchScreen.storyboard */; };
		8713E2C120EE7A06004C6167 /* LoginController.swift in Sources */ = {isa = PBXBuildFile; fileRef = 8713E2C020EE7A06004C6167 /* LoginController.swift */; };
		8713E2C320EE7A25004C6167 /* MenuBar.swift in Sources */ = {isa = PBXBuildFile; fileRef = 8713E2C220EE7A25004C6167 /* MenuBar.swift */; };
		8713E2C520EE7A46004C6167 /* LoginView.swift in Sources */ = {isa = PBXBuildFile; fileRef = 8713E2C420EE7A46004C6167 /* LoginView.swift */; };
		8713E2C720EE7A53004C6167 /* ViewCell.swift in Sources */ = {isa = PBXBuildFile; fileRef = 8713E2C620EE7A53004C6167 /* ViewCell.swift */; };
		8713E2C920EE7A5F004C6167 /* Buttons.swift in Sources */ = {isa = PBXBuildFile; fileRef = 8713E2C820EE7A5F004C6167 /* Buttons.swift */; };
		8713E2CB20EE7A77004C6167 /* HomeController.swift in Sources */ = {isa = PBXBuildFile; fileRef = 8713E2CA20EE7A77004C6167 /* HomeController.swift */; };
		8713E2CD20EE7A96004C6167 /* YoutubeController.swift in Sources */ = {isa = PBXBuildFile; fileRef = 8713E2CC20EE7A96004C6167 /* YoutubeController.swift */; };
		8713E2CF20EE7B27004C6167 /* Video.swift in Sources */ = {isa = PBXBuildFile; fileRef = 8713E2CE20EE7B27004C6167 /* Video.swift */; };
		8713E2D120EE7B5B004C6167 /* Extensions.swift in Sources */ = {isa = PBXBuildFile; fileRef = 8713E2D020EE7B5B004C6167 /* Extensions.swift */; };
/* End PBXBuildFile section */

/* Begin PBXFileReference section */
		8713E2A720EE79AE004C6167 /* artemis.app */ = {isa = PBXFileReference; explicitFileType = wrapper.application; includeInIndex = 0; path = artemis.app; sourceTree = BUILT_PRODUCTS_DIR; };
		8713E2AA20EE79AE004C6167 /* AppDelegate.swift */ = {isa = PBXFileReference; lastKnownFileType = sourcecode.swift; path = AppDelegate.swift; sourceTree = "<group>"; };
		8713E2AC20EE79AE004C6167 /* ViewController.swift */ = {isa = PBXFileReference; lastKnownFileType = sourcecode.swift; path = ViewController.swift; sourceTree = "<group>"; };
		8713E2AF20EE79AE004C6167 /* Base */ = {isa = PBXFileReference; lastKnownFileType = file.storyboard; name = Base; path = Base.lproj/Main.storyboard; sourceTree = "<group>"; };
		8713E2B120EE79AF004C6167 /* Assets.xcassets */ = {isa = PBXFileReference; lastKnownFileType = folder.assetcatalog; path = Assets.xcassets; sourceTree = "<group>"; };
		8713E2B420EE79AF004C6167 /* Base */ = {isa = PBXFileReference; lastKnownFileType = file.storyboard; name = Base; path = Base.lproj/LaunchScreen.storyboard; sourceTree = "<group>"; };
		8713E2B620EE79AF004C6167 /* Info.plist */ = {isa = PBXFileReference; lastKnownFileType = text.plist.xml; path = Info.plist; sourceTree = "<group>"; };
		8713E2C020EE7A06004C6167 /* LoginController.swift */ = {isa = PBXFileReference; lastKnownFileType = sourcecode.swift; path = LoginController.swift; sourceTree = "<group>"; };
		8713E2C220EE7A25004C6167 /* MenuBar.swift */ = {isa = PBXFileReference; lastKnownFileType = sourcecode.swift; path = MenuBar.swift; sourceTree = "<group>"; };
		8713E2C420EE7A46004C6167 /* LoginView.swift */ = {isa = PBXFileReference; lastKnownFileType = sourcecode.swift; path = LoginView.swift; sourceTree = "<group>"; };
		8713E2C620EE7A53004C6167 /* ViewCell.swift */ = {isa = PBXFileReference; lastKnownFileType = sourcecode.swift; path = ViewCell.swift; sourceTree = "<group>"; };
		8713E2C820EE7A5F004C6167 /* Buttons.swift */ = {isa = PBXFileReference; lastKnownFileType = sourcecode.swift; path = Buttons.swift; sourceTree = "<group>"; };
		8713E2CA20EE7A77004C6167 /* HomeController.swift */ = {isa = PBXFileReference; lastKnownFileType = sourcecode.swift; path = HomeController.swift; sourceTree = "<group>"; };
		8713E2CC20EE7A96004C6167 /* YoutubeController.swift */ = {isa = PBXFileReference; lastKnownFileType = sourcecode.swift; path = YoutubeController.swift; sourceTree = "<group>"; };
		8713E2CE20EE7B27004C6167 /* Video.swift */ = {isa = PBXFileReference; lastKnownFileType = sourcecode.swift; path = Video.swift; sourceTree = "<group>"; };
		8713E2D020EE7B5B004C6167 /* Extensions.swift */ = {isa = PBXFileReference; lastKnownFileType = sourcecode.swift; path = Extensions.swift; sourceTree = "<group>"; };
/* End PBXFileReference section */

/* Begin PBXFrameworksBuildPhase section */
		8713E2A420EE79AE004C6167 /* Frameworks */ = {
			isa = PBXFrameworksBuildPhase;
			buildActionMask = 2147483647;
			files = (
			);
			runOnlyForDeploymentPostprocessing = 0;
		};
/* End PBXFrameworksBuildPhase section */

/* Begin PBXGroup section */
		8713E29E20EE79AE004C6167 = {
			isa = PBXGroup;
			children = (
				8713E2A920EE79AE004C6167 /* artemis */,
				8713E2A820EE79AE004C6167 /* Products */,
			);
			sourceTree = "<group>";
		};
		8713E2A820EE79AE004C6167 /* Products */ = {
			isa = PBXGroup;
			children = (
				8713E2A720EE79AE004C6167 /* artemis.app */,
			);
			name = Products;
			sourceTree = "<group>";
		};
		8713E2A920EE79AE004C6167 /* artemis */ = {
			isa = PBXGroup;
			children = (
				8713E2BF20EE79F8004C6167 /* views */,
				8713E2BE20EE79F3004C6167 /* utilities */,
				8713E2BD20EE79E9004C6167 /* model */,
				8713E2BC20EE79DE004C6167 /* controller */,
				8713E2AA20EE79AE004C6167 /* AppDelegate.swift */,
				8713E2AC20EE79AE004C6167 /* ViewController.swift */,
				8713E2AE20EE79AE004C6167 /* Main.storyboard */,
				8713E2B120EE79AF004C6167 /* Assets.xcassets */,
				8713E2B320EE79AF004C6167 /* LaunchScreen.storyboard */,
				8713E2B620EE79AF004C6167 /* Info.plist */,
			);
			path = artemis;
			sourceTree = "<group>";
		};
		8713E2BC20EE79DE004C6167 /* controller */ = {
			isa = PBXGroup;
			children = (
				8713E2C020EE7A06004C6167 /* LoginController.swift */,
				8713E2CA20EE7A77004C6167 /* HomeController.swift */,
				8713E2CC20EE7A96004C6167 /* YoutubeController.swift */,
			);
			path = controller;
			sourceTree = "<group>";
		};
		8713E2BD20EE79E9004C6167 /* model */ = {
			isa = PBXGroup;
			children = (
				8713E2CE20EE7B27004C6167 /* Video.swift */,
			);
			path = model;
			sourceTree = "<group>";
		};
		8713E2BE20EE79F3004C6167 /* utilities */ = {
			isa = PBXGroup;
			children = (
				8713E2D020EE7B5B004C6167 /* Extensions.swift */,
			);
			path = utilities;
			sourceTree = "<group>";
		};
		8713E2BF20EE79F8004C6167 /* views */ = {
			isa = PBXGroup;
			children = (
				8713E2C220EE7A25004C6167 /* MenuBar.swift */,
				8713E2C420EE7A46004C6167 /* LoginView.swift */,
				8713E2C620EE7A53004C6167 /* ViewCell.swift */,
				8713E2C820EE7A5F004C6167 /* Buttons.swift */,
			);
			path = views;
			sourceTree = "<group>";
		};
/* End PBXGroup section */

/* Begin PBXNativeTarget section */
		8713E2A620EE79AE004C6167 /* artemis */ = {
			isa = PBXNativeTarget;
			buildConfigurationList = 8713E2B920EE79AF004C6167 /* Build configuration list for PBXNativeTarget "artemis" */;
			buildPhases = (
				8713E2A320EE79AE004C6167 /* Sources */,
				8713E2A420EE79AE004C6167 /* Frameworks */,
				8713E2A520EE79AE004C6167 /* Resources */,
			);
			buildRules = (
			);
			dependencies = (
			);
			name = artemis;
			productName = artemis;
			productReference = 8713E2A720EE79AE004C6167 /* artemis.app */;
			productType = "com.apple.product-type.application";
		};
/* End PBXNativeTarget section */

/* Begin PBXProject section */
		8713E29F20EE79AE004C6167 /* Project object */ = {
			isa = PBXProject;
			attributes = {
				LastSwiftUpdateCheck = 0940;
				LastUpgradeCheck = 0940;
				ORGANIZATIONNAME = PatDevelop;
				TargetAttributes = {
					8713E2A620EE79AE004C6167 = {
						CreatedOnToolsVersion = 9.4.1;
					};
				};
			};
			buildConfigurationList = 8713E2A220EE79AE004C6167 /* Build configuration list for PBXProject "artemis" */;
			compatibilityVersion = "Xcode 9.3";
			developmentRegion = en;
			hasScannedForEncodings = 0;
			knownRegions = (
				en,
				Base,
			);
			mainGroup = 8713E29E20EE79AE004C6167;
			productRefGroup = 8713E2A820EE79AE004C6167 /* Products */;
			projectDirPath = "";
			projectRoot = "";
			targets = (
				8713E2A620EE79AE004C6167 /* artemis */,
			);
		};
/* End PBXProject section */

/* Begin PBXResourcesBuildPhase section */
		8713E2A520EE79AE004C6167 /* Resources */ = {
			isa = PBXResourcesBuildPhase;
			buildActionMask = 2147483647;
			files = (
				8713E2B520EE79AF004C6167 /* LaunchScreen.storyboard in Resources */,
				8713E2B220EE79AF004C6167 /* Assets.xcassets in Resources */,
				8713E2B020EE79AE004C6167 /* Main.storyboard in Resources */,
			);
			runOnlyForDeploymentPostprocessing = 0;
		};
/* End PBXResourcesBuildPhase section */

/* Begin PBXSourcesBuildPhase section */
		8713E2A320EE79AE004C6167 /* Sources */ = {
			isa = PBXSourcesBuildPhase;
			buildActionMask = 2147483647;
			files = (
				8713E2C920EE7A5F004C6167 /* Buttons.swift in Sources */,
				8713E2C720EE7A53004C6167 /* ViewCell.swift in Sources */,
				8713E2AD20EE79AE004C6167 /* ViewController.swift in Sources */,
				8713E2C120EE7A06004C6167 /* LoginController.swift in Sources */,
				8713E2CB20EE7A77004C6167 /* HomeController.swift in Sources */,
				8713E2CF20EE7B27004C6167 /* Video.swift in Sources */,
				8713E2CD20EE7A96004C6167 /* YoutubeController.swift in Sources */,
				8713E2C320EE7A25004C6167 /* MenuBar.swift in Sources */,
				8713E2C520EE7A46004C6167 /* LoginView.swift in Sources */,
				8713E2D120EE7B5B004C6167 /* Extensions.swift in Sources */,
				8713E2AB20EE79AE004C6167 /* AppDelegate.swift in Sources */,
			);
			runOnlyForDeploymentPostprocessing = 0;
		};
/* End PBXSourcesBuildPhase section */

/* Begin PBXVariantGroup section */
		8713E2AE20EE79AE004C6167 /* Main.storyboard */ = {
			isa = PBXVariantGroup;
			children = (
				8713E2AF20EE79AE004C6167 /* Base */,
			);
			name = Main.storyboard;
			sourceTree = "<group>";
		};
		8713E2B320EE79AF004C6167 /* LaunchScreen.storyboard */ = {
			isa = PBXVariantGroup;
			children = (
				8713E2B420EE79AF004C6167 /* Base */,
			);
			name = LaunchScreen.storyboard;
			sourceTree = "<group>";
		};
/* End PBXVariantGroup section */

/* Begin XCBuildConfiguration section */
		8713E2B720EE79AF004C6167 /* Debug */ = {
			isa = XCBuildConfiguration;
			buildSettings = {
				ALWAYS_SEARCH_USER_PATHS = NO;
				CLANG_ANALYZER_NONNULL = YES;
				CLANG_ANALYZER_NUMBER_OBJECT_CONVERSION = YES_AGGRESSIVE;
				CLANG_CXX_LANGUAGE_STANDARD = "gnu++14";
				CLANG_CXX_LIBRARY = "libc++";
				CLANG_ENABLE_MODULES = YES;
				CLANG_ENABLE_OBJC_ARC = YES;
				CLANG_ENABLE_OBJC_WEAK = YES;
				CLANG_WARN_BLOCK_CAPTURE_AUTORELEASING = YES;
				CLANG_WARN_BOOL_CONVERSION = YES;
				CLANG_WARN_COMMA = YES;
				CLANG_WARN_CONSTANT_CONVERSION = YES;
				CLANG_WARN_DEPRECATED_OBJC_IMPLEMENTATIONS = YES;
				CLANG_WARN_DIRECT_OBJC_ISA_USAGE = YES_ERROR;
				CLANG_WARN_DOCUMENTATION_COMMENTS = YES;
				CLANG_WARN_EMPTY_BODY = YES;
				CLANG_WARN_ENUM_CONVERSION = YES;
				CLANG_WARN_INFINITE_RECURSION = YES;
				CLANG_WARN_INT_CONVERSION = YES;
				CLANG_WARN_NON_LITERAL_NULL_CONVERSION = YES;
				CLANG_WARN_OBJC_IMPLICIT_RETAIN_SELF = YES;
				CLANG_WARN_OBJC_LITERAL_CONVERSION = YES;
				CLANG_WARN_OBJC_ROOT_CLASS = YES_ERROR;
				CLANG_WARN_RANGE_LOOP_ANALYSIS = YES;
				CLANG_WARN_STRICT_PROTOTYPES = YES;
				CLANG_WARN_SUSPICIOUS_MOVE = YES;
				CLANG_WARN_UNGUARDED_AVAILABILITY = YES_AGGRESSIVE;
				CLANG_WARN_UNREACHABLE_CODE = YES;
				CLANG_WARN__DUPLICATE_METHOD_MATCH = YES;
				CODE_SIGN_IDENTITY = "iPhone Developer";
				COPY_PHASE_STRIP = NO;
				DEBUG_INFORMATION_FORMAT = dwarf;
				ENABLE_STRICT_OBJC_MSGSEND = YES;
				ENABLE_TESTABILITY = YES;
				GCC_C_LANGUAGE_STANDARD = gnu11;
				GCC_DYNAMIC_NO_PIC = NO;
				GCC_NO_COMMON_BLOCKS = YES;
				GCC_OPTIMIZATION_LEVEL = 0;
				GCC_PREPROCESSOR_DEFINITIONS = (
					"DEBUG=1",
					"$(inherited)",
				);
				GCC_WARN_64_TO_32_BIT_CONVERSION = YES;
				GCC_WARN_ABOUT_RETURN_TYPE = YES_ERROR;
				GCC_WARN_UNDECLARED_SELECTOR = YES;
				GCC_WARN_UNINITIALIZED_AUTOS = YES_AGGRESSIVE;
				GCC_WARN_UNUSED_FUNCTION = YES;
				GCC_WARN_UNUSED_VARIABLE = YES;
				IPHONEOS_DEPLOYMENT_TARGET = 11.4;
				MTL_ENABLE_DEBUG_INFO = YES;
				ONLY_ACTIVE_ARCH = YES;
				SDKROOT = iphoneos;
				SWIFT_ACTIVE_COMPILATION_CONDITIONS = DEBUG;
				SWIFT_OPTIMIZATION_LEVEL = "-Onone";
			};
			name = Debug;
		};
		8713E2B820EE79AF004C6167 /* Release */ = {
			isa = XCBuildConfiguration;
			buildSettings = {
				ALWAYS_SEARCH_USER_PATHS = NO;
				CLANG_ANALYZER_NONNULL = YES;
				CLANG_ANALYZER_NUMBER_OBJECT_CONVERSION = YES_AGGRESSIVE;
				CLANG_CXX_LANGUAGE_STANDARD = "gnu++14";
				CLANG_CXX_LIBRARY = "libc++";
				CLANG_ENABLE_MODULES = YES;
				CLANG_ENABLE_OBJC_ARC = YES;
				CLANG_ENABLE_OBJC_WEAK = YES;
				CLANG_WARN_BLOCK_CAPTURE_AUTORELEASING = YES;
				CLANG_WARN_BOOL_CONVERSION = YES;
				CLANG_WARN_COMMA = YES;
				CLANG_WARN_CONSTANT_CONVERSION = YES;
				CLANG_WARN_DEPRECATED_OBJC_IMPLEMENTATIONS = YES;
				CLANG_WARN_DIRECT_OBJC_ISA_USAGE = YES_ERROR;
				CLANG_WARN_DOCUMENTATION_COMMENTS = YES;
				CLANG_WARN_EMPTY_BODY = YES;
				CLANG_WARN_ENUM_CONVERSION = YES;
				CLANG_WARN_INFINITE_RECURSION = YES;
				CLANG_WARN_INT_CONVERSION = YES;
				CLANG_WARN_NON_LITERAL_NULL_CONVERSION = YES;
				CLANG_WARN_OBJC_IMPLICIT_RETAIN_SELF = YES;
				CLANG_WARN_OBJC_LITERAL_CONVERSION = YES;
				CLANG_WARN_OBJC_ROOT_CLASS = YES_ERROR;
				CLANG_WARN_RANGE_LOOP_ANALYSIS = YES;
				CLANG_WARN_STRICT_PROTOTYPES = YES;
				CLANG_WARN_SUSPICIOUS_MOVE = YES;
				CLANG_WARN_UNGUARDED_AVAILABILITY = YES_AGGRESSIVE;
				CLANG_WARN_UNREACHABLE_CODE = YES;
				CLANG_WARN__DUPLICATE_METHOD_MATCH = YES;
				CODE_SIGN_IDENTITY = "iPhone Developer";
				COPY_PHASE_STRIP = NO;
				DEBUG_INFORMATION_FORMAT = "dwarf-with-dsym";
				ENABLE_NS_ASSERTIONS = NO;
				ENABLE_STRICT_OBJC_MSGSEND = YES;
				GCC_C_LANGUAGE_STANDARD = gnu11;
				GCC_NO_COMMON_BLOCKS = YES;
				GCC_WARN_64_TO_32_BIT_CONVERSION = YES;
				GCC_WARN_ABOUT_RETURN_TYPE = YES_ERROR;
				GCC_WARN_UNDECLARED_SELECTOR = YES;
				GCC_WARN_UNINITIALIZED_AUTOS = YES_AGGRESSIVE;
				GCC_WARN_UNUSED_FUNCTION = YES;
				GCC_WARN_UNUSED_VARIABLE = YES;
				IPHONEOS_DEPLOYMENT_TARGET = 11.4;
				MTL_ENABLE_DEBUG_INFO = NO;
				SDKROOT = iphoneos;
				SWIFT_COMPILATION_MODE = wholemodule;
				SWIFT_OPTIMIZATION_LEVEL = "-O";
				VALIDATE_PRODUCT = YES;
			};
			name = Release;
		};
		8713E2BA20EE79AF004C6167 /* Debug */ = {
			isa = XCBuildConfiguration;
			buildSettings = {
				ASSETCATALOG_COMPILER_APPICON_NAME = AppIcon;
				CODE_SIGN_STYLE = Automatic;
				DEVELOPMENT_TEAM = 3839PKNVT3;
				INFOPLIST_FILE = artemis/Info.plist;
				LD_RUNPATH_SEARCH_PATHS = (
					"$(inherited)",
					"@executable_path/Frameworks",
				);
				PRODUCT_BUNDLE_IDENTIFIER = com.vfconsulting.artemis;
				PRODUCT_NAME = "$(TARGET_NAME)";
				SWIFT_VERSION = 4.0;
				TARGETED_DEVICE_FAMILY = "1,2";
			};
			name = Debug;
		};
		8713E2BB20EE79AF004C6167 /* Release */ = {
			isa = XCBuildConfiguration;
			buildSettings = {
				ASSETCATALOG_COMPILER_APPICON_NAME = AppIcon;
				CODE_SIGN_STYLE = Automatic;
				DEVELOPMENT_TEAM = 3839PKNVT3;
				INFOPLIST_FILE = artemis/Info.plist;
				LD_RUNPATH_SEARCH_PATHS = (
					"$(inherited)",
					"@executable_path/Frameworks",
				);
				PRODUCT_BUNDLE_IDENTIFIER = com.vfconsulting.artemis;
				PRODUCT_NAME = "$(TARGET_NAME)";
				SWIFT_VERSION = 4.0;
				TARGETED_DEVICE_FAMILY = "1,2";
			};
			name = Release;
		};
/* End XCBuildConfiguration section */

/* Begin XCConfigurationList section */
		8713E2A220EE79AE004C6167 /* Build configuration list for PBXProject "artemis" */ = {
			isa = XCConfigurationList;
			buildConfigurations = (
				8713E2B720EE79AF004C6167 /* Debug */,
				8713E2B820EE79AF004C6167 /* Release */,
			);
			defaultConfigurationIsVisible = 0;
			defaultConfigurationName = Release;
		};
		8713E2B920EE79AF004C6167 /* Build configuration list for PBXNativeTarget "artemis" */ = {
			isa = XCConfigurationList;
			buildConfigurations = (
				8713E2BA20EE79AF004C6167 /* Debug */,
				8713E2BB20EE79AF004C6167 /* Release */,
			);
			defaultConfigurationIsVisible = 0;
			defaultConfigurationName = Release;
		};
/* End XCConfigurationList section */
	};
	rootObject = 8713E29F20EE79AE004C6167 /* Project object */;
}
